// !$*UTF8*$!
{
	archiveVersion = 1;
	classes = {
	};
	objectVersion = 56;
	objects = {

/* Begin PBXBuildFile section */
		FC46AE7B2FC820C700B888AD /* main.m in Sources */ = {isa = PBXBuildFile; fileRef = FC46AE7A2FC820C700B888AD /* main.m */; };
		FC46AE822FC8215400B888AD /* Ejercicio001.m in Sources */ = {isa = PBXBuildFile; fileRef = FC46AE812FC8215400B888AD /* Ejercicio001.m */; };
		FC46AE862FC82B3500B888AD /* Ejercicio002.m in Sources */ = {isa = PBXBuildFile; fileRef = FC46AE852FC82B3500B888AD /* Ejercicio002.m */; };
		FCFA99A42FE052B0009231B9 /* Ejercicio003.m in Sources */ = {isa = PBXBuildFile; fileRef = FCFA99A32FE052B0009231B9 /* Ejercicio003.m */; };
/* End PBXBuildFile section */

/* Begin PBXCopyFilesBuildPhase section */
		FC46AE752FC820C700B888AD /* CopyFiles */ = {
			isa = PBXCopyFilesBuildPhase;
			buildActionMask = 2147483647;
			dstPath = /usr/share/man/man1/;
			dstSubfolderSpec = 0;
			files = (
			);
			runOnlyForDeploymentPostprocessing = 1;
		};
/* End PBXCopyFilesBuildPhase section */

/* Begin PBXFileReference section */
		FC46AE772FC820C700B888AD /* code-gym */ = {isa = PBXFileReference; explicitFileType = "compiled.mach-o.executable"; includeInIndex = 0; path = "code-gym"; sourceTree = BUILT_PRODUCTS_DIR; };
		FC46AE7A2FC820C700B888AD /* main.m */ = {isa = PBXFileReference; lastKnownFileType = sourcecode.c.objc; path = main.m; sourceTree = "<group>"; };
		FC46AE812FC8215400B888AD /* Ejercicio001.m */ = {isa = PBXFileReference; lastKnownFileType = sourcecode.c.objc; path = Ejercicio001.m; sourceTree = "<group>"; };
		FC46AE842FC8254800B888AD /* Ejercicios.h */ = {isa = PBXFileReference; lastKnownFileType = sourcecode.c.h; path = Ejercicios.h; sourceTree = "<group>"; };
		FC46AE852FC82B3500B888AD /* Ejercicio002.m */ = {isa = PBXFileReference; lastKnownFileType = sourcecode.c.objc; path = Ejercicio002.m; sourceTree = "<group>"; };
		FCFA99A32FE052B0009231B9 /* Ejercicio003.m */ = {isa = PBXFileReference; lastKnownFileType = sourcecode.c.objc; path = Ejercicio003.m; sourceTree = "<group>"; };
/* End PBXFileReference section */

/* Begin PBXFrameworksBuildPhase section */
		FC46AE742FC820C700B888AD /* Frameworks */ = {
			isa = PBXFrameworksBuildPhase;
			buildActionMask = 2147483647;
			files = (
			);
			runOnlyForDeploymentPostprocessing = 0;
		};
/* End PBXFrameworksBuildPhase section */

/* Begin PBXGroup section */
		FC46AE6E2FC820C700B888AD = {
			isa = PBXGroup;
			children = (
				FC46AE792FC820C700B888AD /* code-gym */,
				FC46AE782FC820C700B888AD /* Products */,
			);
			sourceTree = "<group>";
		};
		FC46AE782FC820C700B888AD /* Products */ = {
			isa = PBXGroup;
			children = (
				FC46AE772FC820C700B888AD /* code-gym */,
			);
			name = Products;
			sourceTree = "<group>";
		};
		FC46AE792FC820C700B888AD /* code-gym */ = {
			isa = PBXGroup;
			children = (
				FC46AE7A2FC820C700B888AD /* main.m */,
				FC46AE812FC8215400B888AD /* Ejercicio001.m */,
				FC46AE852FC82B3500B888AD /* Ejercicio002.m */,
				FC46AE842FC8254800B888AD /* Ejercicios.h */,
				FCFA99A32FE052B0009231B9 /* Ejercicio003.m */,
			);
			path = "code-gym";
			sourceTree = "<group>";
		};
/* End PBXGroup section */

/* Begin PBXNativeTarget section */
		FC46AE762FC820C700B888AD /* code-gym */ = {
			isa = PBXNativeTarget;
			buildConfigurationList = FC46AE7E2FC820C700B888AD /* Build configuration list for PBXNativeTarget "code-gym" */;
			buildPhases = (
				FC46AE732FC820C700B888AD /* Sources */,
				FC46AE742FC820C700B888AD /* Frameworks */,
				FC46AE752FC820C700B888AD /* CopyFiles */,
			);
			buildRules = (
			);
			dependencies = (
			);
			name = "code-gym";
			productName = "code-gym";
			productReference = FC46AE772FC820C700B888AD /* code-gym */;
			productType = "com.apple.product-type.tool";
		};
/* End PBXNativeTarget section */

/* Begin PBXProject section */
		FC46AE6F2FC820C700B888AD /* Project object */ = {
			isa = PBXProject;
			attributes = {
				BuildIndependentTargetsInParallel = 1;
				LastUpgradeCheck = 1420;
				TargetAttributes = {
					FC46AE762FC820C700B888AD = {
						CreatedOnToolsVersion = 14.2;
					};
				};
			};
			buildConfigurationList = FC46AE722FC820C700B888AD /* Build configuration list for PBXProject "code-gym" */;
			compatibilityVersion = "Xcode 14.0";
			developmentRegion = en;
			hasScannedForEncodings = 0;
			knownRegions = (
				en,
				Base,
			);
			mainGroup = FC46AE6E2FC820C700B888AD;
			productRefGroup = FC46AE782FC820C700B888AD /* Products */;
			projectDirPath = "";
			projectRoot = "";
			targets = (
				FC46AE762FC820C700B888AD /* code-gym */,
			);
		};
/* End PBXProject section */

/* Begin PBXSourcesBuildPhase section */
		FC46AE732FC820C700B888AD /* Sources */ = {
			isa = PBXSourcesBuildPhase;
			buildActionMask = 2147483647;
			files = (
				FC46AE7B2FC820C700B888AD /* main.m in Sources */,
				FCFA99A42FE052B0009231B9 /* Ejercicio003.m in Sources */,
				FC46AE822FC8215400B888AD /* Ejercicio001.m in Sources */,
				FC46AE862FC82B3500B888AD /* Ejercicio002.m in Sources */,
			);
			runOnlyForDeploymentPostprocessing = 0;
		};
/* End PBXSourcesBuildPhase section */

/* Begin XCBuildConfiguration section */
		FC46AE7C2FC820C700B888AD /* Debug */ = {
			isa = XCBuildConfiguration;
			buildSettings = {
				ALWAYS_SEARCH_USER_PATHS = NO;
				CLANG_ANALYZER_NONNULL = YES;
				CLANG_ANALYZER_NUMBER_OBJECT_CONVERSION = YES_AGGRESSIVE;
				CLANG_CXX_LANGUAGE_STANDARD = "gnu++20";
				CLANG_ENABLE_MODULES = YES;
				CLANG_ENABLE_OBJC_ARC = YES;
				CLANG_ENABLE_OBJC_WEAK = YES;
				CLANG_WARN_BLOCK_CAPTURE_AUTORELEASING = YES;
				CLANG_WARN_BOOL_CONVERSION = YES;
				CLANG_WARN_COMMA = YES;
				CLANG_WARN_CONSTANT_CONVERSION = YES;
				CLANG_WARN_DEPRECATED_OBJC_IMPLEMENTATIONS = YES;
				CLANG_WARN_DIRECT_OBJC_ISA_USAGE = YES_ERROR;
				CLANG_WARN_DOCUMENTATION_COMMENTS = YES;
				CLANG_WARN_EMPTY_BODY = YES;
				CLANG_WARN_ENUM_CONVERSION = YES;
				CLANG_WARN_INFINITE_RECURSION = YES;
				CLANG_WARN_INT_CONVERSION = YES;
				CLANG_WARN_NON_LITERAL_NULL_CONVERSION = YES;
				CLANG_WARN_OBJC_IMPLICIT_RETAIN_SELF = YES;
				CLANG_WARN_OBJC_LITERAL_CONVERSION = YES;
				CLANG_WARN_OBJC_ROOT_CLASS = YES_ERROR;
				CLANG_WARN_QUOTED_INCLUDE_IN_FRAMEWORK_HEADER = YES;
				CLANG_WARN_RANGE_LOOP_ANALYSIS = YES;
				CLANG_WARN_STRICT_PROTOTYPES = YES;
				CLANG_WARN_SUSPICIOUS_MOVE = YES;
				CLANG_WARN_UNGUARDED_AVAILABILITY = YES_AGGRESSIVE;
				CLANG_WARN_UNREACHABLE_CODE = YES;
				CLANG_WARN__DUPLICATE_METHOD_MATCH = YES;
				COPY_PHASE_STRIP = NO;
				DEBUG_INFORMATION_FORMAT = dwarf;
				ENABLE_STRICT_OBJC_MSGSEND = YES;
				ENABLE_TESTABILITY = YES;
				GCC_C_LANGUAGE_STANDARD = gnu11;
				GCC_DYNAMIC_NO_PIC = NO;
				GCC_NO_COMMON_BLOCKS = YES;
				GCC_OPTIMIZATION_LEVEL = 0;
				GCC_PREPROCESSOR_DEFINITIONS = (
					"DEBUG=1",
					"$(inherited)",
				);
				GCC_WARN_64_TO_32_BIT_CONVERSION = YES;
				GCC_WARN_ABOUT_RETURN_TYPE = YES_ERROR;
				GCC_WARN_UNDECLARED_SELECTOR = YES;
				GCC_WARN_UNINITIALIZED_AUTOS = YES_AGGRESSIVE;
				GCC_WARN_UNUSED_FUNCTION = YES;
				GCC_WARN_UNUSED_VARIABLE = YES;
				MACOSX_DEPLOYMENT_TARGET = 12.7;
				MTL_ENABLE_DEBUG_INFO = INCLUDE_SOURCE;
				MTL_FAST_MATH = YES;
				ONLY_ACTIVE_ARCH = YES;
				SDKROOT = macosx;
			};
			name = Debug;
		};
		FC46AE7D2FC820C700B888AD /* Release */ = {
			isa = XCBuildConfiguration;
			buildSettings = {
				ALWAYS_SEARCH_USER_PATHS = NO;
				CLANG_ANALYZER_NONNULL = YES;
				CLANG_ANALYZER_NUMBER_OBJECT_CONVERSION = YES_AGGRESSIVE;
				CLANG_CXX_LANGUAGE_STANDARD = "gnu++20";
				CLANG_ENABLE_MODULES = YES;
				CLANG_ENABLE_OBJC_ARC = YES;
				CLANG_ENABLE_OBJC_WEAK = YES;
				CLANG_WARN_BLOCK_CAPTURE_AUTORELEASING = YES;
				CLANG_WARN_BOOL_CONVERSION = YES;
				CLANG_WARN_COMMA = YES;
				CLANG_WARN_CONSTANT_CONVERSION = YES;
				CLANG_WARN_DEPRECATED_OBJC_IMPLEMENTATIONS = YES;
				CLANG_WARN_DIRECT_OBJC_ISA_USAGE = YES_ERROR;
				CLANG_WARN_DOCUMENTATION_COMMENTS = YES;
				CLANG_WARN_EMPTY_BODY = YES;
				CLANG_WARN_ENUM_CONVERSION = YES;
				CLANG_WARN_INFINITE_RECURSION = YES;
				CLANG_WARN_INT_CONVERSION = YES;
				CLANG_WARN_NON_LITERAL_NULL_CONVERSION = YES;
				CLANG_WARN_OBJC_IMPLICIT_RETAIN_SELF = YES;
				CLANG_WARN_OBJC_LITERAL_CONVERSION = YES;
				CLANG_WARN_OBJC_ROOT_CLASS = YES_ERROR;
				CLANG_WARN_QUOTED_INCLUDE_IN_FRAMEWORK_HEADER = YES;
				CLANG_WARN_RANGE_LOOP_ANALYSIS = YES;
				CLANG_WARN_STRICT_PROTOTYPES = YES;
				CLANG_WARN_SUSPICIOUS_MOVE = YES;
				CLANG_WARN_UNGUARDED_AVAILABILITY = YES_AGGRESSIVE;
				CLANG_WARN_UNREACHABLE_CODE = YES;
				CLANG_WARN__DUPLICATE_METHOD_MATCH = YES;
				COPY_PHASE_STRIP = NO;
				DEBUG_INFORMATION_FORMAT = "dwarf-with-dsym";
				ENABLE_NS_ASSERTIONS = NO;
				ENABLE_STRICT_OBJC_MSGSEND = YES;
				GCC_C_LANGUAGE_STANDARD = gnu11;
				GCC_NO_COMMON_BLOCKS = YES;
				GCC_WARN_64_TO_32_BIT_CONVERSION = YES;
				GCC_WARN_ABOUT_RETURN_TYPE = YES_ERROR;
				GCC_WARN_UNDECLARED_SELECTOR = YES;
				GCC_WARN_UNINITIALIZED_AUTOS = YES_AGGRESSIVE;
				GCC_WARN_UNUSED_FUNCTION = YES;
				GCC_WARN_UNUSED_VARIABLE = YES;
				MACOSX_DEPLOYMENT_TARGET = 12.7;
				MTL_ENABLE_DEBUG_INFO = NO;
				MTL_FAST_MATH = YES;
				SDKROOT = macosx;
			};
			name = Release;
		};
		FC46AE7F2FC820C700B888AD /* Debug */ = {
			isa = XCBuildConfiguration;
			buildSettings = {
				CODE_SIGN_STYLE = Automatic;
				PRODUCT_NAME = "$(TARGET_NAME)";
			};
			name = Debug;
		};
		FC46AE802FC820C700B888AD /* Release */ = {
			isa = XCBuildConfiguration;
			buildSettings = {
				CODE_SIGN_STYLE = Automatic;
				PRODUCT_NAME = "$(TARGET_NAME)";
			};
			name = Release;
		};
/* End XCBuildConfiguration section */

/* Begin XCConfigurationList section */
		FC46AE722FC820C700B888AD /* Build configuration list for PBXProject "code-gym" */ = {
			isa = XCConfigurationList;
			buildConfigurations = (
				FC46AE7C2FC820C700B888AD /* Debug */,
				FC46AE7D2FC820C700B888AD /* Release */,
			);
			defaultConfigurationIsVisible = 0;
			defaultConfigurationName = Release;
		};
		FC46AE7E2FC820C700B888AD /* Build configuration list for PBXNativeTarget "code-gym" */ = {
			isa = XCConfigurationList;
			buildConfigurations = (
				FC46AE7F2FC820C700B888AD /* Debug */,
				FC46AE802FC820C700B888AD /* Release */,
			);
			defaultConfigurationIsVisible = 0;
			defaultConfigurationName = Release;
		};
/* End XCConfigurationList section */
	};
	rootObject = FC46AE6F2FC820C700B888AD /* Project object */;
}
